# THIS IS AN AUTOGENERATED FILE. DO NOT EDIT THIS FILE DIRECTLY.
# yarn lockfile v1


cat-facts@^1.0.2:
  version "1.0.2"
  resolved "https://registry.yarnpkg.com/cat-facts/-/cat-facts-1.0.2.tgz#e2658ff0f49525c224ccd1901ac7e004e47cccec"
  dependencies:
    unique-random-array "^1.0.0"

cjopus@^0.0.4:
  version "0.0.4"
  resolved "https://registry.yarnpkg.com/cjopus/-/cjopus-0.0.4.tgz#46f3cfc96b83f7d78446de8b4cfd994b5889a9a0"

colors@*:
  version "1.2.1"
  resolved "https://registry.yarnpkg.com/colors/-/colors-1.2.1.tgz#f4a3d302976aaf042356ba1ade3b1a2c62d9d794"

discord.io@woor/discord.io#gateway_v6:
  version "2.5.3"
  resolved "https://codeload.github.com/woor/discord.io/tar.gz/2d3bcc80d1a835740b2e8c8563a7db519bb28720"
  dependencies:
    cjopus "^0.0.4"
    tweetnacl "^0.14.0"
    ws "^1.1.0"

dotenv@^5.0.1:
  version "5.0.1"
  resolved "https://registry.yarnpkg.com/dotenv/-/dotenv-5.0.1.tgz#a5317459bd3d79ab88cff6e44057a6a3fbb1fcef"

optimist@0.3:
  version "0.3.7"
  resolved "https://registry.yarnpkg.com/optimist/-/optimist-0.3.7.tgz#c90941ad59e4273328923074d2cf2e7cbc6ec0d9"
  dependencies:
    wordwrap "~0.0.2"

options@>=0.0.5:
  version "0.0.6"
  resolved "https://registry.yarnpkg.com/options/-/options-0.0.6.tgz#ec22d312806bb53e731773e7cdaefcf1c643128f"

tweetnacl@^0.14.0:
  version "0.14.5"
  resolved "https://registry.yarnpkg.com/tweetnacl/-/tweetnacl-0.14.5.tgz#5ae68177f192d4456269d108afa93ff8743f4f64"

twss@^0.1.6:
  version "0.1.6"
  resolved "https://registry.yarnpkg.com/twss/-/twss-0.1.6.tgz#93cb3179824643c82c0f907b6fedf97c4f7895ea"
  dependencies:
    colors "*"
    optimist "0.3"

ultron@1.0.x:
  version "1.0.2"
  resolved "https://registry.yarnpkg.com/ultron/-/ultron-1.0.2.tgz#ace116ab557cd197386a4e88f4685378c8b2e4fa"

unique-random-array@^1.0.0:
  version "1.0.1"
  resolved "https://registry.yarnpkg.com/unique-random-array/-/unique-random-array-1.0.1.tgz#f29bda2a62be8860a703c4739c8f4fdb4d722cc7"
  dependencies:
    unique-random "^1.0.0"

unique-random@^1.0.0:
  version "1.0.0"
  resolved "https://registry.yarnpkg.com/unique-random/-/unique-random-1.0.0.tgz#ce3e224c8242cd33a0e77b0d7180d77e6b62d0c4"

wordwrap@~0.0.2:
  version "0.0.3"
  resolved "https://registry.yarnpkg.com/wordwrap/-/wordwrap-0.0.3.tgz#a3d5da6cd5c0bc0008d37234bbaf1bed63059107"

ws@^1.1.0:
  version "1.1.5"
  resolved "https://registry.yarnpkg.com/ws/-/ws-1.1.5.tgz#cbd9e6e75e09fc5d2c90015f21f0c40875e0dd51"
  dependencies:
    options ">=0.0.5"
    ultron "1.0.x"
